PODS:
  - Capacitor (5.5.1):
    - CapacitorCordova
  - CapacitorCamera (5.0.7):
    - Capacitor
  - CapacitorCommunitySqlite (5.4.2-1):
    - Capacitor
    - SQLCipher
    - ZIPFoundation
  - CapacitorCordova (5.5.1)
  - CapacitorSplashScreen (5.0.6):
    - Capacitor
  - CapawesomeTeamCapacitorDatetimePicker (5.1.1):
    - Capacitor
  - SQLCipher (4.5.5):
    - SQLCipher/standard (= 4.5.5)
  - SQLCipher/common (4.5.5)
  - SQLCipher/standard (4.5.5):
    - SQLCipher/common
  - ZIPFoundation (0.9.16)

DEPENDENCIES:
  - "Capacitor (from `../../node_modules/@capacitor/ios`)"
  - "CapacitorCamera (from `../../node_modules/@capacitor/camera`)"
  - "CapacitorCommunitySqlite (from `../../node_modules/@capacitor-community/sqlite`)"
  - "CapacitorCordova (from `../../node_modules/@capacitor/ios`)"
  - "CapacitorSplashScreen (from `../../node_modules/@capacitor/splash-screen`)"
  - "CapawesomeTeamCapacitorDatetimePicker (from `../../node_modules/@capawesome-team/capacitor-datetime-picker`)"

SPEC REPOS:
  https://github.com/cocoapods/specs.git:
    - SQLCipher
    - ZIPFoundation

EXTERNAL SOURCES:
  Capacitor:
    :path: "../../node_modules/@capacitor/ios"
  CapacitorCamera:
    :path: "../../node_modules/@capacitor/camera"
  CapacitorCommunitySqlite:
    :path: "../../node_modules/@capacitor-community/sqlite"
  CapacitorCordova:
    :path: "../../node_modules/@capacitor/ios"
  CapacitorSplashScreen:
    :path: "../../node_modules/@capacitor/splash-screen"
  CapawesomeTeamCapacitorDatetimePicker:
    :path: "../../node_modules/@capawesome-team/capacitor-datetime-picker"

SPEC CHECKSUMS:
  Capacitor: 7c9c05d2c3c5514b5fd5aa7dbecbb46eff0676ba
  CapacitorCamera: 8badcf686f27cab69d048e1f7a7ec62b5db21070
  CapacitorCommunitySqlite: 7b1ce40de1b7719e6ce505dc123b0d82e3039475
  CapacitorCordova: 01eb26c2d4ad3849be79a0d44f0ba81ddc6258b1
  CapacitorSplashScreen: 2a044af97f12e3cdf7209296e12a500dc51feed1
  CapawesomeTeamCapacitorDatetimePicker: a3a13fe47d909bd9e8a259ff5ae790f44fcf542d
  SQLCipher: f2e96b3822e3006b379181a0e4fd145f6de29b56
  ZIPFoundation: d170fa8e270b2a32bef9dcdcabff5b8f1a5deced

PODFILE CHECKSUM: d7207e03ecfcb23c327508c93bd862c32358862e

COCOAPODS: 1.5.2
